
Microsoft Visual Studio Solution File, Format Version 12.00
# Visual Studio Version 17
VisualStudioVersion = 17.3.32922.545
MinimumVisualStudioVersion = 10.0.40219.1
Project("{FAE04EC0-301F-11D3-BF4B-00C04F79EFBC}") = "WndApp", "WndApp\WndApp.csproj", "{C4E7125E-5FBC-4D70-AE0A-6C31DF7CD85A}"
EndProject
Project("{2150E333-8FDC-42A3-9474-1A3956D46DE8}") = "Solution Items", "Solution Items", "{53E55A2C-8BAF-4651-A194-F90855DA4CC3}"
	ProjectSection(SolutionItems) = preProject
		db.sql = db.sql
	EndProjectSection
EndProject
Global
	GlobalSection(SolutionConfigurationPlatforms) = preSolution
		Debug|Any CPU = Debug|Any CPU
		Release|Any CPU = Release|Any CPU
	EndGlobalSection
	GlobalSection(ProjectConfigurationPlatforms) = postSolution
		{C4E7125E-5FBC-4D70-AE0A-6C31DF7CD85A}.Debug|Any CPU.ActiveCfg = Debug|Any CPU
		{C4E7125E-5FBC-4D70-AE0A-6C31DF7CD85A}.Debug|Any CPU.Build.0 = Debug|Any CPU
		{C4E7125E-5FBC-4D70-AE0A-6C31DF7CD85A}.Release|Any CPU.ActiveCfg = Release|Any CPU
		{C4E7125E-5FBC-4D70-AE0A-6C31DF7CD85A}.Release|Any CPU.Build.0 = Release|Any CPU
	EndGlobalSection
	GlobalSection(SolutionProperties) = preSolution
		HideSolutionNode = FALSE
	EndGlobalSection
	GlobalSection(ExtensibilityGlobals) = postSolution
		SolutionGuid = {C65AF244-34C1-4497-824B-5277940ED9B8}
	EndGlobalSection
EndGlobal
